
Microsoft Visual Studio Solution File, Format Version 12.00
# Visual Studio 15
VisualStudioVersion = 15.0.27428.2037
MinimumVisualStudioVersion = 10.0.40219.1
Project("{FAE04EC0-301F-11D3-BF4B-00C04F79EFBC}") = "PcShutdownClient", "PcShutdownClient\PcShutdownClient.csproj", "{641F5DB0-CEB7-41AB-AC96-E687C0931584}"
EndProject
Global
	GlobalSection(SolutionConfigurationPlatforms) = preSolution
		Debug|Any CPU = Debug|Any CPU
		Release|Any CPU = Release|Any CPU
	EndGlobalSection
	GlobalSection(ProjectConfigurationPlatforms) = postSolution
		{641F5DB0-CEB7-41AB-AC96-E687C0931584}.Debug|Any CPU.ActiveCfg = Debug|Any CPU
		{641F5DB0-CEB7-41AB-AC96-E687C0931584}.Debug|Any CPU.Build.0 = Debug|Any CPU
		{641F5DB0-CEB7-41AB-AC96-E687C0931584}.Release|Any CPU.ActiveCfg = Release|Any CPU
		{641F5DB0-CEB7-41AB-AC96-E687C0931584}.Release|Any CPU.Build.0 = Release|Any CPU
	EndGlobalSection
	GlobalSection(SolutionProperties) = preSolution
		HideSolutionNode = FALSE
	EndGlobalSection
	GlobalSection(ExtensibilityGlobals) = postSolution
		SolutionGuid = {2390E793-74C8-441A-9D8B-23AB9C7A323E}
	EndGlobalSection
EndGlobal
